// !$*UTF8*$!
{
	archiveVersion = 1;
	classes = {
	};
	objectVersion = 55;
	objects = {

/* Begin PBXBuildFile section */
		339C6C8B282E12270044E53C /* AppDelegate.swift in Sources */ = {isa = PBXBuildFile; fileRef = 339C6C8A282E12270044E53C /* AppDelegate.swift */; };
		339C6C8D282E12270044E53C /* SceneDelegate.swift in Sources */ = {isa = PBXBuildFile; fileRef = 339C6C8C282E12270044E53C /* SceneDelegate.swift */; };
		339C6C8F282E12270044E53C /* ViewController.swift in Sources */ = {isa = PBXBuildFile; fileRef = 339C6C8E282E12270044E53C /* ViewController.swift */; };
		339C6C92282E12270044E53C /* Main.storyboard in Resources */ = {isa = PBXBuildFile; fileRef = 339C6C90282E12270044E53C /* Main.storyboard */; };
		339C6C94282E12290044E53C /* Assets.xcassets in Resources */ = {isa = PBXBuildFile; fileRef = 339C6C93282E12290044E53C /* Assets.xcassets */; };
		339C6C97282E12290044E53C /* LaunchScreen.storyboard in Resources */ = {isa = PBXBuildFile; fileRef = 339C6C95282E12290044E53C /* LaunchScreen.storyboard */; };
		339C6CA4282E13470044E53C /* CompositionManager.swift in Sources */ = {isa = PBXBuildFile; fileRef = 339C6CA3282E13470044E53C /* CompositionManager.swift */; };
		339C6CA7282E136E0044E53C /* sample_audio.mp3 in Resources */ = {isa = PBXBuildFile; fileRef = 339C6CA5282E136E0044E53C /* sample_audio.mp3 */; };
		339C6CA8282E136E0044E53C /* big_buck_bunny.mp4 in Resources */ = {isa = PBXBuildFile; fileRef = 339C6CA6282E136E0044E53C /* big_buck_bunny.mp4 */; };
/* End PBXBuildFile section */

/* Begin PBXFileReference section */
		339C6C87282E12270044E53C /* VLVideoCompositionDemo.app */ = {isa = PBXFileReference; explicitFileType = wrapper.application; includeInIndex = 0; path = VLVideoCompositionDemo.app; sourceTree = BUILT_PRODUCTS_DIR; };
		339C6C8A282E12270044E53C /* AppDelegate.swift */ = {isa = PBXFileReference; lastKnownFileType = sourcecode.swift; path = AppDelegate.swift; sourceTree = "<group>"; };
		339C6C8C282E12270044E53C /* SceneDelegate.swift */ = {isa = PBXFileReference; lastKnownFileType = sourcecode.swift; path = SceneDelegate.swift; sourceTree = "<group>"; };
		339C6C8E282E12270044E53C /* ViewController.swift */ = {isa = PBXFileReference; lastKnownFileType = sourcecode.swift; path = ViewController.swift; sourceTree = "<group>"; };
		339C6C91282E12270044E53C /* Base */ = {isa = PBXFileReference; lastKnownFileType = file.storyboard; name = Base; path = Base.lproj/Main.storyboard; sourceTree = "<group>"; };
		339C6C93282E12290044E53C /* Assets.xcassets */ = {isa = PBXFileReference; lastKnownFileType = folder.assetcatalog; path = Assets.xcassets; sourceTree = "<group>"; };
		339C6C96282E12290044E53C /* Base */ = {isa = PBXFileReference; lastKnownFileType = file.storyboard; name = Base; path = Base.lproj/LaunchScreen.storyboard; sourceTree = "<group>"; };
		339C6C98282E12290044E53C /* Info.plist */ = {isa = PBXFileReference; lastKnownFileType = text.plist.xml; path = Info.plist; sourceTree = "<group>"; };
		339C6CA3282E13470044E53C /* CompositionManager.swift */ = {isa = PBXFileReference; fileEncoding = 4; lastKnownFileType = sourcecode.swift; path = CompositionManager.swift; sourceTree = "<group>"; };
		339C6CA5282E136E0044E53C /* sample_audio.mp3 */ = {isa = PBXFileReference; lastKnownFileType = audio.mp3; path = sample_audio.mp3; sourceTree = "<group>"; };
		339C6CA6282E136E0044E53C /* big_buck_bunny.mp4 */ = {isa = PBXFileReference; lastKnownFileType = file; path = big_buck_bunny.mp4; sourceTree = "<group>"; };
/* End PBXFileReference section */

/* Begin PBXFrameworksBuildPhase section */
		339C6C84282E12270044E53C /* Frameworks */ = {
			isa = PBXFrameworksBuildPhase;
			buildActionMask = 2147483647;
			files = (
			);
			runOnlyForDeploymentPostprocessing = 0;
		};
/* End PBXFrameworksBuildPhase section */

/* Begin PBXGroup section */
		339C6C7E282E12270044E53C = {
			isa = PBXGroup;
			children = (
				339C6C89282E12270044E53C /* VLVideoCompositionDemo */,
				339C6C88282E12270044E53C /* Products */,
			);
			sourceTree = "<group>";
		};
		339C6C88282E12270044E53C /* Products */ = {
			isa = PBXGroup;
			children = (
				339C6C87282E12270044E53C /* VLVideoCompositionDemo.app */,
			);
			name = Products;
			sourceTree = "<group>";
		};
		339C6C89282E12270044E53C /* VLVideoCompositionDemo */ = {
			isa = PBXGroup;
			children = (
				339C6C9E282E12690044E53C /* MainDelegates */,
				339C6C9F282E128E0044E53C /* HelplerClasses */,
				339C6CA0282E12B00044E53C /* ViewController */,
				339C6CA1282E12D00044E53C /* Storybaord */,
				339C6CA2282E12EA0044E53C /* Resources */,
				339C6C98282E12290044E53C /* Info.plist */,
			);
			path = VLVideoCompositionDemo;
			sourceTree = "<group>";
		};
		339C6C9E282E12690044E53C /* MainDelegates */ = {
			isa = PBXGroup;
			children = (
				339C6C8A282E12270044E53C /* AppDelegate.swift */,
				339C6C8C282E12270044E53C /* SceneDelegate.swift */,
			);
			path = MainDelegates;
			sourceTree = "<group>";
		};
		339C6C9F282E128E0044E53C /* HelplerClasses */ = {
			isa = PBXGroup;
			children = (
				339C6CA3282E13470044E53C /* CompositionManager.swift */,
			);
			path = HelplerClasses;
			sourceTree = "<group>";
		};
		339C6CA0282E12B00044E53C /* ViewController */ = {
			isa = PBXGroup;
			children = (
				339C6C8E282E12270044E53C /* ViewController.swift */,
			);
			path = ViewController;
			sourceTree = "<group>";
		};
		339C6CA1282E12D00044E53C /* Storybaord */ = {
			isa = PBXGroup;
			children = (
				339C6C90282E12270044E53C /* Main.storyboard */,
				339C6C95282E12290044E53C /* LaunchScreen.storyboard */,
			);
			path = Storybaord;
			sourceTree = "<group>";
		};
		339C6CA2282E12EA0044E53C /* Resources */ = {
			isa = PBXGroup;
			children = (
				339C6CA6282E136E0044E53C /* big_buck_bunny.mp4 */,
				339C6CA5282E136E0044E53C /* sample_audio.mp3 */,
				339C6C93282E12290044E53C /* Assets.xcassets */,
			);
			path = Resources;
			sourceTree = "<group>";
		};
/* End PBXGroup section */

/* Begin PBXNativeTarget section */
		339C6C86282E12270044E53C /* VLVideoCompositionDemo */ = {
			isa = PBXNativeTarget;
			buildConfigurationList = 339C6C9B282E12290044E53C /* Build configuration list for PBXNativeTarget "VLVideoCompositionDemo" */;
			buildPhases = (
				339C6C83282E12270044E53C /* Sources */,
				339C6C84282E12270044E53C /* Frameworks */,
				339C6C85282E12270044E53C /* Resources */,
			);
			buildRules = (
			);
			dependencies = (
			);
			name = VLVideoCompositionDemo;
			productName = VLVideoCompositionDemo;
			productReference = 339C6C87282E12270044E53C /* VLVideoCompositionDemo.app */;
			productType = "com.apple.product-type.application";
		};
/* End PBXNativeTarget section */

/* Begin PBXProject section */
		339C6C7F282E12270044E53C /* Project object */ = {
			isa = PBXProject;
			attributes = {
				BuildIndependentTargetsInParallel = 1;
				LastSwiftUpdateCheck = 1320;
				LastUpgradeCheck = 1320;
				TargetAttributes = {
					339C6C86282E12270044E53C = {
						CreatedOnToolsVersion = 13.2.1;
					};
				};
			};
			buildConfigurationList = 339C6C82282E12270044E53C /* Build configuration list for PBXProject "VLVideoCompositionDemo" */;
			compatibilityVersion = "Xcode 13.0";
			developmentRegion = en;
			hasScannedForEncodings = 0;
			knownRegions = (
				en,
				Base,
			);
			mainGroup = 339C6C7E282E12270044E53C;
			productRefGroup = 339C6C88282E12270044E53C /* Products */;
			projectDirPath = "";
			projectRoot = "";
			targets = (
				339C6C86282E12270044E53C /* VLVideoCompositionDemo */,
			);
		};
/* End PBXProject section */

/* Begin PBXResourcesBuildPhase section */
		339C6C85282E12270044E53C /* Resources */ = {
			isa = PBXResourcesBuildPhase;
			buildActionMask = 2147483647;
			files = (
				339C6C97282E12290044E53C /* LaunchScreen.storyboard in Resources */,
				339C6CA7282E136E0044E53C /* sample_audio.mp3 in Resources */,
				339C6CA8282E136E0044E53C /* big_buck_bunny.mp4 in Resources */,
				339C6C94282E12290044E53C /* Assets.xcassets in Resources */,
				339C6C92282E12270044E53C /* Main.storyboard in Resources */,
			);
			runOnlyForDeploymentPostprocessing = 0;
		};
/* End PBXResourcesBuildPhase section */

/* Begin PBXSourcesBuildPhase section */
		339C6C83282E12270044E53C /* Sources */ = {
			isa = PBXSourcesBuildPhase;
			buildActionMask = 2147483647;
			files = (
				339C6C8F282E12270044E53C /* ViewController.swift in Sources */,
				339C6C8B282E12270044E53C /* AppDelegate.swift in Sources */,
				339C6CA4282E13470044E53C /* CompositionManager.swift in Sources */,
				339C6C8D282E12270044E53C /* SceneDelegate.swift in Sources */,
			);
			runOnlyForDeploymentPostprocessing = 0;
		};
/* End PBXSourcesBuildPhase section */

/* Begin PBXVariantGroup section */
		339C6C90282E12270044E53C /* Main.storyboard */ = {
			isa = PBXVariantGroup;
			children = (
				339C6C91282E12270044E53C /* Base */,
			);
			name = Main.storyboard;
			sourceTree = "<group>";
		};
		339C6C95282E12290044E53C /* LaunchScreen.storyboard */ = {
			isa = PBXVariantGroup;
			children = (
				339C6C96282E12290044E53C /* Base */,
			);
			name = LaunchScreen.storyboard;
			sourceTree = "<group>";
		};
/* End PBXVariantGroup section */

/* Begin XCBuildConfiguration section */
		339C6C99282E12290044E53C /* Debug */ = {
			isa = XCBuildConfiguration;
			buildSettings = {
				ALWAYS_SEARCH_USER_PATHS = NO;
				CLANG_ANALYZER_NONNULL = YES;
				CLANG_ANALYZER_NUMBER_OBJECT_CONVERSION = YES_AGGRESSIVE;
				CLANG_CXX_LANGUAGE_STANDARD = "gnu++17";
				CLANG_CXX_LIBRARY = "libc++";
				CLANG_ENABLE_MODULES = YES;
				CLANG_ENABLE_OBJC_ARC = YES;
				CLANG_ENABLE_OBJC_WEAK = YES;
				CLANG_WARN_BLOCK_CAPTURE_AUTORELEASING = YES;
				CLANG_WARN_BOOL_CONVERSION = YES;
				CLANG_WARN_COMMA = YES;
				CLANG_WARN_CONSTANT_CONVERSION = YES;
				CLANG_WARN_DEPRECATED_OBJC_IMPLEMENTATIONS = YES;
				CLANG_WARN_DIRECT_OBJC_ISA_USAGE = YES_ERROR;
				CLANG_WARN_DOCUMENTATION_COMMENTS = YES;
				CLANG_WARN_EMPTY_BODY = YES;
				CLANG_WARN_ENUM_CONVERSION = YES;
				CLANG_WARN_INFINITE_RECURSION = YES;
				CLANG_WARN_INT_CONVERSION = YES;
				CLANG_WARN_NON_LITERAL_NULL_CONVERSION = YES;
				CLANG_WARN_OBJC_IMPLICIT_RETAIN_SELF = YES;
				CLANG_WARN_OBJC_LITERAL_CONVERSION = YES;
				CLANG_WARN_OBJC_ROOT_CLASS = YES_ERROR;
				CLANG_WARN_QUOTED_INCLUDE_IN_FRAMEWORK_HEADER = YES;
				CLANG_WARN_RANGE_LOOP_ANALYSIS = YES;
				CLANG_WARN_STRICT_PROTOTYPES = YES;
				CLANG_WARN_SUSPICIOUS_MOVE = YES;
				CLANG_WARN_UNGUARDED_AVAILABILITY = YES_AGGRESSIVE;
				CLANG_WARN_UNREACHABLE_CODE = YES;
				CLANG_WARN__DUPLICATE_METHOD_MATCH = YES;
				COPY_PHASE_STRIP = NO;
				DEBUG_INFORMATION_FORMAT = dwarf;
				ENABLE_STRICT_OBJC_MSGSEND = YES;
				ENABLE_TESTABILITY = YES;
				GCC_C_LANGUAGE_STANDARD = gnu11;
				GCC_DYNAMIC_NO_PIC = NO;
				GCC_NO_COMMON_BLOCKS = YES;
				GCC_OPTIMIZATION_LEVEL = 0;
				GCC_PREPROCESSOR_DEFINITIONS = (
					"DEBUG=1",
					"$(inherited)",
				);
				GCC_WARN_64_TO_32_BIT_CONVERSION = YES;
				GCC_WARN_ABOUT_RETURN_TYPE = YES_ERROR;
				GCC_WARN_UNDECLARED_SELECTOR = YES;
				GCC_WARN_UNINITIALIZED_AUTOS = YES_AGGRESSIVE;
				GCC_WARN_UNUSED_FUNCTION = YES;
				GCC_WARN_UNUSED_VARIABLE = YES;
				IPHONEOS_DEPLOYMENT_TARGET = 15.2;
				MTL_ENABLE_DEBUG_INFO = INCLUDE_SOURCE;
				MTL_FAST_MATH = YES;
				ONLY_ACTIVE_ARCH = YES;
				SDKROOT = iphoneos;
				SWIFT_ACTIVE_COMPILATION_CONDITIONS = DEBUG;
				SWIFT_OPTIMIZATION_LEVEL = "-Onone";
			};
			name = Debug;
		};
		339C6C9A282E12290044E53C /* Release */ = {
			isa = XCBuildConfiguration;
			buildSettings = {
				ALWAYS_SEARCH_USER_PATHS = NO;
				CLANG_ANALYZER_NONNULL = YES;
				CLANG_ANALYZER_NUMBER_OBJECT_CONVERSION = YES_AGGRESSIVE;
				CLANG_CXX_LANGUAGE_STANDARD = "gnu++17";
				CLANG_CXX_LIBRARY = "libc++";
				CLANG_ENABLE_MODULES = YES;
				CLANG_ENABLE_OBJC_ARC = YES;
				CLANG_ENABLE_OBJC_WEAK = YES;
				CLANG_WARN_BLOCK_CAPTURE_AUTORELEASING = YES;
				CLANG_WARN_BOOL_CONVERSION = YES;
				CLANG_WARN_COMMA = YES;
				CLANG_WARN_CONSTANT_CONVERSION = YES;
				CLANG_WARN_DEPRECATED_OBJC_IMPLEMENTATIONS = YES;
				CLANG_WARN_DIRECT_OBJC_ISA_USAGE = YES_ERROR;
				CLANG_WARN_DOCUMENTATION_COMMENTS = YES;
				CLANG_WARN_EMPTY_BODY = YES;
				CLANG_WARN_ENUM_CONVERSION = YES;
				CLANG_WARN_INFINITE_RECURSION = YES;
				CLANG_WARN_INT_CONVERSION = YES;
				CLANG_WARN_NON_LITERAL_NULL_CONVERSION = YES;
				CLANG_WARN_OBJC_IMPLICIT_RETAIN_SELF = YES;
				CLANG_WARN_OBJC_LITERAL_CONVERSION = YES;
				CLANG_WARN_OBJC_ROOT_CLASS = YES_ERROR;
				CLANG_WARN_QUOTED_INCLUDE_IN_FRAMEWORK_HEADER = YES;
				CLANG_WARN_RANGE_LOOP_ANALYSIS = YES;
				CLANG_WARN_STRICT_PROTOTYPES = YES;
				CLANG_WARN_SUSPICIOUS_MOVE = YES;
				CLANG_WARN_UNGUARDED_AVAILABILITY = YES_AGGRESSIVE;
				CLANG_WARN_UNREACHABLE_CODE = YES;
				CLANG_WARN__DUPLICATE_METHOD_MATCH = YES;
				COPY_PHASE_STRIP = NO;
				DEBUG_INFORMATION_FORMAT = "dwarf-with-dsym";
				ENABLE_NS_ASSERTIONS = NO;
				ENABLE_STRICT_OBJC_MSGSEND = YES;
				GCC_C_LANGUAGE_STANDARD = gnu11;
				GCC_NO_COMMON_BLOCKS = YES;
				GCC_WARN_64_TO_32_BIT_CONVERSION = YES;
				GCC_WARN_ABOUT_RETURN_TYPE = YES_ERROR;
				GCC_WARN_UNDECLARED_SELECTOR = YES;
				GCC_WARN_UNINITIALIZED_AUTOS = YES_AGGRESSIVE;
				GCC_WARN_UNUSED_FUNCTION = YES;
				GCC_WARN_UNUSED_VARIABLE = YES;
				IPHONEOS_DEPLOYMENT_TARGET = 15.2;
				MTL_ENABLE_DEBUG_INFO = NO;
				MTL_FAST_MATH = YES;
				SDKROOT = iphoneos;
				SWIFT_COMPILATION_MODE = wholemodule;
				SWIFT_OPTIMIZATION_LEVEL = "-O";
				VALIDATE_PRODUCT = YES;
			};
			name = Release;
		};
		339C6C9C282E12290044E53C /* Debug */ = {
			isa = XCBuildConfiguration;
			buildSettings = {
				ASSETCATALOG_COMPILER_APPICON_NAME = AppIcon;
				ASSETCATALOG_COMPILER_GLOBAL_ACCENT_COLOR_NAME = AccentColor;
				CODE_SIGN_IDENTITY = "iPhone Developer";
				CODE_SIGN_STYLE = Manual;
				CURRENT_PROJECT_VERSION = 1;
				DEVELOPMENT_TEAM = 9723YUXUUV;
				GENERATE_INFOPLIST_FILE = YES;
				INFOPLIST_FILE = VLVideoCompositionDemo/Info.plist;
				INFOPLIST_KEY_UIApplicationSupportsIndirectInputEvents = YES;
				INFOPLIST_KEY_UILaunchStoryboardName = LaunchScreen;
				INFOPLIST_KEY_UIMainStoryboardFile = Main;
				INFOPLIST_KEY_UISupportedInterfaceOrientations_iPad = "UIInterfaceOrientationPortrait UIInterfaceOrientationPortraitUpsideDown UIInterfaceOrientationLandscapeLeft UIInterfaceOrientationLandscapeRight";
				INFOPLIST_KEY_UISupportedInterfaceOrientations_iPhone = "UIInterfaceOrientationPortrait UIInterfaceOrientationLandscapeLeft UIInterfaceOrientationLandscapeRight";
				IPHONEOS_DEPLOYMENT_TARGET = 13.0;
				LD_RUNPATH_SEARCH_PATHS = (
					"$(inherited)",
					"@executable_path/Frameworks",
				);
				MARKETING_VERSION = 1.0;
				PRODUCT_BUNDLE_IDENTIFIER = com.developer.VLVideoCompositionDemo;
				PRODUCT_NAME = "$(TARGET_NAME)";
				PROVISIONING_PROFILE_SPECIFIER = development_wildcard;
				SWIFT_EMIT_LOC_STRINGS = YES;
				SWIFT_VERSION = 5.0;
				TARGETED_DEVICE_FAMILY = "1,2";
			};
			name = Debug;
		};
		339C6C9D282E12290044E53C /* Release */ = {
			isa = XCBuildConfiguration;
			buildSettings = {
				ASSETCATALOG_COMPILER_APPICON_NAME = AppIcon;
				ASSETCATALOG_COMPILER_GLOBAL_ACCENT_COLOR_NAME = AccentColor;
				CODE_SIGN_IDENTITY = "iPhone Developer";
				CODE_SIGN_STYLE = Manual;
				CURRENT_PROJECT_VERSION = 1;
				DEVELOPMENT_TEAM = 9723YUXUUV;
				GENERATE_INFOPLIST_FILE = YES;
				INFOPLIST_FILE = VLVideoCompositionDemo/Info.plist;
				INFOPLIST_KEY_UIApplicationSupportsIndirectInputEvents = YES;
				INFOPLIST_KEY_UILaunchStoryboardName = LaunchScreen;
				INFOPLIST_KEY_UIMainStoryboardFile = Main;
				INFOPLIST_KEY_UISupportedInterfaceOrientations_iPad = "UIInterfaceOrientationPortrait UIInterfaceOrientationPortraitUpsideDown UIInterfaceOrientationLandscapeLeft UIInterfaceOrientationLandscapeRight";
				INFOPLIST_KEY_UISupportedInterfaceOrientations_iPhone = "UIInterfaceOrientationPortrait UIInterfaceOrientationLandscapeLeft UIInterfaceOrientationLandscapeRight";
				IPHONEOS_DEPLOYMENT_TARGET = 13.0;
				LD_RUNPATH_SEARCH_PATHS = (
					"$(inherited)",
					"@executable_path/Frameworks",
				);
				MARKETING_VERSION = 1.0;
				PRODUCT_BUNDLE_IDENTIFIER = com.developer.VLVideoCompositionDemo;
				PRODUCT_NAME = "$(TARGET_NAME)";
				PROVISIONING_PROFILE_SPECIFIER = development_wildcard;
				SWIFT_EMIT_LOC_STRINGS = YES;
				SWIFT_VERSION = 5.0;
				TARGETED_DEVICE_FAMILY = "1,2";
			};
			name = Release;
		};
/* End XCBuildConfiguration section */

/* Begin XCConfigurationList section */
		339C6C82282E12270044E53C /* Build configuration list for PBXProject "VLVideoCompositionDemo" */ = {
			isa = XCConfigurationList;
			buildConfigurations = (
				339C6C99282E12290044E53C /* Debug */,
				339C6C9A282E12290044E53C /* Release */,
			);
			defaultConfigurationIsVisible = 0;
			defaultConfigurationName = Release;
		};
		339C6C9B282E12290044E53C /* Build configuration list for PBXNativeTarget "VLVideoCompositionDemo" */ = {
			isa = XCConfigurationList;
			buildConfigurations = (
				339C6C9C282E12290044E53C /* Debug */,
				339C6C9D282E12290044E53C /* Release */,
			);
			defaultConfigurationIsVisible = 0;
			defaultConfigurationName = Release;
		};
/* End XCConfigurationList section */
	};
	rootObject = 339C6C7F282E12270044E53C /* Project object */;
}
